{
  "name": "personal-website",
  "lockfileVersion": 3,
  "requires": true,
  "packages": {
    "": {
      "dependencies": {
        "headbreaker": "^3.0.0",
        "konva": "^9.3.18"
      }
    },
    "node_modules/headbreaker": {
      "version": "3.0.0",
      "resolved": "https://registry.npmjs.org/headbreaker/-/headbreaker-3.0.0.tgz",
      "integrity": "sha512-CTpmUsgGflDOurrbRvjpuhBd0Cz6pHx82z29X0j0+0EUL8ikqTZqRyP205Qt/DN6eFDhXvmrgXkrug9z733Vtw==",
      "optionalDependencies": {
        "konva": "^6.0.0"
      }
    },
    "node_modules/headbreaker/node_modules/konva": {
      "version": "6.0.0",
      "resolved": "https://registry.npmjs.org/konva/-/konva-6.0.0.tgz",
      "integrity": "sha512-YTwmtz3KzbzdC0KDRHWLzuk0KXB4NUdaQqytrxacXE1C39V6wCk7Nnu0wgq+GdGbG6m8A1qiEU9TSJ19qdIzDw==",
      "optional": true
    },
    "node_modules/konva": {
      "version": "9.3.18",
      "resolved": "https://registry.npmjs.org/konva/-/konva-9.3.18.tgz",
      "integrity": "sha512-ad5h0Y9phUrinBrKXyIISbURRHQO7Rx5cz7mAEEfdVCs45gDqRD8Y0I0nJRk8S6iqEbiRE87CEZu5GVSnU8oow==",
      "funding": [
        {
          "type": "patreon",
          "url": "https://www.patreon.com/lavrton"
        },
        {
          "type": "opencollective",
          "url": "https://opencollective.com/konva"
        },
        {
          "type": "github",
          "url": "https://github.com/sponsors/lavrton"
        }
      ]
    }
  }
}
